
Microsoft Visual Studio Solution File, Format Version 11.00
# Visual Studio 2010
Project("{FAE04EC0-301F-11D3-BF4B-00C04F79EFBC}") = "YooAsset.Editor", "YooAsset.Editor.csproj", "{a6627fed-e054-45a3-66fe-e53c907377f1}"
EndProject
Project("{FAE04EC0-301F-11D3-BF4B-00C04F79EFBC}") = "SDClub.Core", "SDClub.Core.csproj", "{74fa148f-0f1c-61f8-dc6c-c8c46985cedb}"
EndProject
Project("{FAE04EC0-301F-11D3-BF4B-00C04F79EFBC}") = "SDClub.UIFrameWork", "SDClub.UIFrameWork.csproj", "{4350809a-f2bb-c2a0-313b-03b70ee75bb0}"
EndProject
Project("{FAE04EC0-301F-11D3-BF4B-00C04F79EFBC}") = "Funplay.Editor", "Funplay.Editor.csproj", "{884a72de-4048-6d87-4a0c-831a48c4fe2b}"
EndProject
Project("{FAE04EC0-301F-11D3-BF4B-00C04F79EFBC}") = "YooAsset", "YooAsset.csproj", "{d1105811-fb2e-4b4c-e46b-01f628735bfc}"
EndProject
Project("{FAE04EC0-301F-11D3-BF4B-00C04F79EFBC}") = "UniTask", "UniTask.csproj", "{bb0e0d9b-21e0-6e8a-50dc-d9b32f5ff775}"
EndProject
Project("{FAE04EC0-301F-11D3-BF4B-00C04F79EFBC}") = "UniTask.Linq", "UniTask.Linq.csproj", "{d563c871-6811-7ce5-eddf-2490f11221e9}"
EndProject
Project("{FAE04EC0-301F-11D3-BF4B-00C04F79EFBC}") = "SDClub.HotfixView", "SDClub.HotfixView.csproj", "{2b4ebe8c-d6e2-43aa-3105-e6c94383bacd}"
EndProject
Project("{FAE04EC0-301F-11D3-BF4B-00C04F79EFBC}") = "SDClub.Model", "SDClub.Model.csproj", "{5bacda1f-ca61-b19c-671b-66efe9918745}"
EndProject
Project("{FAE04EC0-301F-11D3-BF4B-00C04F79EFBC}") = "UniTask.Addressables", "UniTask.Addressables.csproj", "{edba0769-9480-2afc-dfe3-996eebed3a58}"
EndProject
Project("{FAE04EC0-301F-11D3-BF4B-00C04F79EFBC}") = "SDClub.Hotfix", "SDClub.Hotfix.csproj", "{b0d0695f-be37-29e2-2e79-74f9d90d1ed9}"
EndProject
Project("{FAE04EC0-301F-11D3-BF4B-00C04F79EFBC}") = "SDClub.Loader", "SDClub.Loader.csproj", "{c448101f-0659-01bf-3d7a-7bf840ccfb73}"
EndProject
Project("{FAE04EC0-301F-11D3-BF4B-00C04F79EFBC}") = "UniTask.TextMeshPro", "UniTask.TextMeshPro.csproj", "{80539c42-3f22-adcf-955d-393775ab85fe}"
EndProject
Project("{FAE04EC0-301F-11D3-BF4B-00C04F79EFBC}") = "UniTask.DOTween", "UniTask.DOTween.csproj", "{1ef382a2-2847-746c-8133-84c3d1c98819}"
EndProject
Project("{FAE04EC0-301F-11D3-BF4B-00C04F79EFBC}") = "UniTask.Editor", "UniTask.Editor.csproj", "{4f0e4f68-7167-eba4-8704-fde4d0e0b0c9}"
EndProject
Project("{FAE04EC0-301F-11D3-BF4B-00C04F79EFBC}") = "SDClub.ModelView", "SDClub.ModelView.csproj", "{75df6efc-f258-7a41-a47f-818dd9b4be8a}"
EndProject
Project("{FAE04EC0-301F-11D3-BF4B-00C04F79EFBC}") = "Assembly-CSharp-firstpass", "Assembly-CSharp-firstpass.csproj", "{af96da15-cb26-582f-f237-5746987ea51f}"
EndProject
Project("{FAE04EC0-301F-11D3-BF4B-00C04F79EFBC}") = "SDClub.Editor", "SDClub.Editor.csproj", "{3d45e730-f631-d528-b704-7ce3a43f5025}"
EndProject
Project("{FAE04EC0-301F-11D3-BF4B-00C04F79EFBC}") = "Assembly-CSharp", "Assembly-CSharp.csproj", "{4336675e-b5e1-14be-556e-dfdfa3bfdc54}"
EndProject
Global
	GlobalSection(SolutionConfigurationPlatforms) = preSolution
		Debug|Any CPU = Debug|Any CPU
	EndGlobalSection
	GlobalSection(ProjectConfigurationPlatforms) = postSolution
		{a6627fed-e054-45a3-66fe-e53c907377f1}.Debug|Any CPU.ActiveCfg = Debug|Any CPU
		{a6627fed-e054-45a3-66fe-e53c907377f1}.Debug|Any CPU.Build.0 = Debug|Any CPU
		{74fa148f-0f1c-61f8-dc6c-c8c46985cedb}.Debug|Any CPU.ActiveCfg = Debug|Any CPU
		{74fa148f-0f1c-61f8-dc6c-c8c46985cedb}.Debug|Any CPU.Build.0 = Debug|Any CPU
		{4350809a-f2bb-c2a0-313b-03b70ee75bb0}.Debug|Any CPU.ActiveCfg = Debug|Any CPU
		{4350809a-f2bb-c2a0-313b-03b70ee75bb0}.Debug|Any CPU.Build.0 = Debug|Any CPU
		{884a72de-4048-6d87-4a0c-831a48c4fe2b}.Debug|Any CPU.ActiveCfg = Debug|Any CPU
		{884a72de-4048-6d87-4a0c-831a48c4fe2b}.Debug|Any CPU.Build.0 = Debug|Any CPU
		{d1105811-fb2e-4b4c-e46b-01f628735bfc}.Debug|Any CPU.ActiveCfg = Debug|Any CPU
		{d1105811-fb2e-4b4c-e46b-01f628735bfc}.Debug|Any CPU.Build.0 = Debug|Any CPU
		{bb0e0d9b-21e0-6e8a-50dc-d9b32f5ff775}.Debug|Any CPU.ActiveCfg = Debug|Any CPU
		{bb0e0d9b-21e0-6e8a-50dc-d9b32f5ff775}.Debug|Any CPU.Build.0 = Debug|Any CPU
		{d563c871-6811-7ce5-eddf-2490f11221e9}.Debug|Any CPU.ActiveCfg = Debug|Any CPU
		{d563c871-6811-7ce5-eddf-2490f11221e9}.Debug|Any CPU.Build.0 = Debug|Any CPU
		{2b4ebe8c-d6e2-43aa-3105-e6c94383bacd}.Debug|Any CPU.ActiveCfg = Debug|Any CPU
		{2b4ebe8c-d6e2-43aa-3105-e6c94383bacd}.Debug|Any CPU.Build.0 = Debug|Any CPU
		{5bacda1f-ca61-b19c-671b-66efe9918745}.Debug|Any CPU.ActiveCfg = Debug|Any CPU
		{5bacda1f-ca61-b19c-671b-66efe9918745}.Debug|Any CPU.Build.0 = Debug|Any CPU
		{edba0769-9480-2afc-dfe3-996eebed3a58}.Debug|Any CPU.ActiveCfg = Debug|Any CPU
		{edba0769-9480-2afc-dfe3-996eebed3a58}.Debug|Any CPU.Build.0 = Debug|Any CPU
		{b0d0695f-be37-29e2-2e79-74f9d90d1ed9}.Debug|Any CPU.ActiveCfg = Debug|Any CPU
		{b0d0695f-be37-29e2-2e79-74f9d90d1ed9}.Debug|Any CPU.Build.0 = Debug|Any CPU
		{c448101f-0659-01bf-3d7a-7bf840ccfb73}.Debug|Any CPU.ActiveCfg = Debug|Any CPU
		{c448101f-0659-01bf-3d7a-7bf840ccfb73}.Debug|Any CPU.Build.0 = Debug|Any CPU
		{80539c42-3f22-adcf-955d-393775ab85fe}.Debug|Any CPU.ActiveCfg = Debug|Any CPU
		{80539c42-3f22-adcf-955d-393775ab85fe}.Debug|Any CPU.Build.0 = Debug|Any CPU
		{1ef382a2-2847-746c-8133-84c3d1c98819}.Debug|Any CPU.ActiveCfg = Debug|Any CPU
		{1ef382a2-2847-746c-8133-84c3d1c98819}.Debug|Any CPU.Build.0 = Debug|Any CPU
		{4f0e4f68-7167-eba4-8704-fde4d0e0b0c9}.Debug|Any CPU.ActiveCfg = Debug|Any CPU
		{4f0e4f68-7167-eba4-8704-fde4d0e0b0c9}.Debug|Any CPU.Build.0 = Debug|Any CPU
		{75df6efc-f258-7a41-a47f-818dd9b4be8a}.Debug|Any CPU.ActiveCfg = Debug|Any CPU
		{75df6efc-f258-7a41-a47f-818dd9b4be8a}.Debug|Any CPU.Build.0 = Debug|Any CPU
		{af96da15-cb26-582f-f237-5746987ea51f}.Debug|Any CPU.ActiveCfg = Debug|Any CPU
		{af96da15-cb26-582f-f237-5746987ea51f}.Debug|Any CPU.Build.0 = Debug|Any CPU
		{3d45e730-f631-d528-b704-7ce3a43f5025}.Debug|Any CPU.ActiveCfg = Debug|Any CPU
		{3d45e730-f631-d528-b704-7ce3a43f5025}.Debug|Any CPU.Build.0 = Debug|Any CPU
		{4336675e-b5e1-14be-556e-dfdfa3bfdc54}.Debug|Any CPU.ActiveCfg = Debug|Any CPU
		{4336675e-b5e1-14be-556e-dfdfa3bfdc54}.Debug|Any CPU.Build.0 = Debug|Any CPU
	EndGlobalSection
	GlobalSection(SolutionProperties) = preSolution
		HideSolutionNode = FALSE
	EndGlobalSection
EndGlobal
